{
    "_readme": [
        "This file locks the dependencies of your project to a known state",
        "Read more about it at https://getcomposer.org/doc/01-basic-usage.md#installing-dependencies",
        "This file is @generated automatically"
    ],
    "content-hash": "206e348463bc92d47017d22f688c0ec8",
    "packages": [
        {
            "name": "composer/installers",
            "version": "v1.7.0",
            "source": {
                "type": "git",
                "url": "https://github.com/composer/installers.git",
                "reference": "141b272484481432cda342727a427dc1e206bfa0"
            },
            "dist": {
                "type": "zip",
                "url": "https://api.github.com/repos/composer/installers/zipball/141b272484481432cda342727a427dc1e206bfa0",
                "reference": "141b272484481432cda342727a427dc1e206bfa0",
                "shasum": ""
            },
            "require": {
                "composer-plugin-api": "^1.0"
            },
            "replace": {
                "roundcube/plugin-installer": "*",
                "shama/baton": "*"
            },
            "require-dev": {
                "composer/composer": "1.0.*@dev",
                "phpunit/phpunit": "^4.8.36"
            },
            "type": "composer-plugin",
            "extra": {
                "class": "Composer\\Installers\\Plugin",
                "branch-alias": {
                    "dev-master": "1.0-dev"
                }
            },
            "autoload": {
                "psr-4": {
                    "Composer\\Installers\\": "src/Composer/Installers"
                }
            },
            "notification-url": "https://packagist.org/downloads/",
            "license": [
                "MIT"
            ],
            "authors": [
                {
                    "name": "Kyle Robinson Young",
                    "email": "kyle@dontkry.com",
                    "homepage": "https://github.com/shama"
                }
            ],
            "description": "A multi-framework Composer library installer",
            "homepage": "https://composer.github.io/installers/",
            "keywords": [
                "Craft",
                "Dolibarr",
                "Eliasis",
                "Hurad",
                "ImageCMS",
                "Kanboard",
                "Lan Management System",
                "MODX Evo",
                "Mautic",
                "Maya",
                "OXID",
                "Plentymarkets",
                "Porto",
                "RadPHP",
                "SMF",
                "Thelia",
                "Whmcs",
                "WolfCMS",
                "agl",
                "aimeos",
                "annotatecms",
                "attogram",
                "bitrix",
                "cakephp",
                "chef",
                "cockpit",
                "codeigniter",
                "concrete5",
                "croogo",
                "dokuwiki",
                "drupal",
                "eZ Platform",
                "elgg",
                "expressionengine",
                "fuelphp",
                "grav",
                "installer",
                "itop",
                "joomla",
                "known",
                "kohana",
                "laravel",
                "lavalite",
                "lithium",
                "magento",
                "majima",
                "mako",
                "mediawiki",
                "modulework",
                "modx",
                "moodle",
                "osclass",
                "phpbb",
                "piwik",
                "ppi",
                "puppet",
                "pxcms",
                "reindex",
                "roundcube",
                "shopware",
                "silverstripe",
                "sydes",
                "symfony",
                "typo3",
                "wordpress",
                "yawik",
                "zend",
                "zikula"
            ],
            "time": "2019-08-12T15:00:31+00:00"
        },
        {
            "name": "wpackagist-plugin/avatar-privacy",
            "version": "2.2.2",
            "source": {
                "type": "svn",
                "url": "https://plugins.svn.wordpress.org/avatar-privacy/",
                "reference": "tags/2.2.2"
            },
            "dist": {
                "type": "zip",
                "url": "https://downloads.wordpress.org/plugin/avatar-privacy.2.2.2.zip"
            },
            "require": {
                "composer/installers": "~1.0"
            },
            "type": "wordpress-plugin",
            "homepage": "https://wordpress.org/plugins/avatar-privacy/"
        },
        {
            "name": "wpackagist-plugin/classic-editor",
            "version": "1.5",
            "source": {
                "type": "svn",
                "url": "https://plugins.svn.wordpress.org/classic-editor/",
                "reference": "tags/1.5"
            },
            "dist": {
                "type": "zip",
                "url": "https://downloads.wordpress.org/plugin/classic-editor.1.5.zip"
            },
            "require": {
                "composer/installers": "~1.0"
            },
            "type": "wordpress-plugin",
            "homepage": "https://wordpress.org/plugins/classic-editor/"
        },
        {
            "name": "wpackagist-plugin/creative-commons-configurator-1",
            "version": "1.8.27",
            "source": {
                "type": "svn",
                "url": "https://plugins.svn.wordpress.org/creative-commons-configurator-1/",
                "reference": "tags/1.8.27"
            },
            "dist": {
                "type": "zip",
                "url": "https://downloads.wordpress.org/plugin/creative-commons-configurator-1.1.8.27.zip"
            },
            "require": {
                "composer/installers": "~1.0"
            },
            "type": "wordpress-plugin",
            "homepage": "https://wordpress.org/plugins/creative-commons-configurator-1/"
        },
        {
            "name": "wpackagist-plugin/custom-post-type-ui",
            "version": "1.6.2",
            "source": {
                "type": "svn",
                "url": "https://plugins.svn.wordpress.org/custom-post-type-ui/",
                "reference": "tags/1.6.2"
            },
            "dist": {
                "type": "zip",
                "url": "https://downloads.wordpress.org/plugin/custom-post-type-ui.1.6.2.zip"
            },
            "require": {
                "composer/installers": "~1.0"
            },
            "type": "wordpress-plugin",
            "homepage": "https://wordpress.org/plugins/custom-post-type-ui/"
        },
        {
            "name": "wpackagist-plugin/disable-emojis",
            "version": "1.7.2",
            "source": {
                "type": "svn",
                "url": "https://plugins.svn.wordpress.org/disable-emojis/",
                "reference": "tags/1.7.2"
            },
            "dist": {
                "type": "zip",
                "url": "https://downloads.wordpress.org/plugin/disable-emojis.1.7.2.zip"
            },
            "require": {
                "composer/installers": "~1.0"
            },
            "type": "wordpress-plugin",
            "homepage": "https://wordpress.org/plugins/disable-emojis/"
        },
        {
            "name": "wpackagist-plugin/indieauth",
            "version": "3.4.2",
            "source": {
                "type": "svn",
                "url": "https://plugins.svn.wordpress.org/indieauth/",
                "reference": "tags/3.4.2"
            },
            "dist": {
                "type": "zip",
                "url": "https://downloads.wordpress.org/plugin/indieauth.3.4.2.zip"
            },
            "require": {
                "composer/installers": "~1.0"
            },
            "type": "wordpress-plugin",
            "homepage": "https://wordpress.org/plugins/indieauth/"
        },
        {
            "name": "wpackagist-plugin/indieweb",
            "version": "3.4.1",
            "source": {
                "type": "svn",
                "url": "https://plugins.svn.wordpress.org/indieweb/",
                "reference": "tags/3.4.1"
            },
            "dist": {
                "type": "zip",
                "url": "https://downloads.wordpress.org/plugin/indieweb.3.4.1.zip"
            },
            "require": {
                "composer/installers": "~1.0"
            },
            "type": "wordpress-plugin",
            "homepage": "https://wordpress.org/plugins/indieweb/"
        },
        {
            "name": "wpackagist-plugin/indieweb-post-kinds",
            "version": "3.3.2",
            "source": {
                "type": "svn",
                "url": "https://plugins.svn.wordpress.org/indieweb-post-kinds/",
                "reference": "tags/3.3.2"
            },
            "dist": {
                "type": "zip",
                "url": "https://downloads.wordpress.org/plugin/indieweb-post-kinds.3.3.2.zip"
            },
            "require": {
                "composer/installers": "~1.0"
            },
            "type": "wordpress-plugin",
            "homepage": "https://wordpress.org/plugins/indieweb-post-kinds/"
        },
        {
            "name": "wpackagist-plugin/jsonfeed",
            "version": "1.3.0",
            "source": {
                "type": "svn",
                "url": "https://plugins.svn.wordpress.org/jsonfeed/",
                "reference": "tags/1.3.0"
            },
            "dist": {
                "type": "zip",
                "url": "https://downloads.wordpress.org/plugin/jsonfeed.1.3.0.zip"
            },
            "require": {
                "composer/installers": "~1.0"
            },
            "type": "wordpress-plugin",
            "homepage": "https://wordpress.org/plugins/jsonfeed/"
        },
        {
            "name": "wpackagist-plugin/keyring",
            "version": "2.0",
            "source": {
                "type": "svn",
                "url": "https://plugins.svn.wordpress.org/keyring/",
                "reference": "tags/2.0"
            },
            "dist": {
                "type": "zip",
                "url": "https://downloads.wordpress.org/plugin/keyring.2.0.zip"
            },
            "require": {
                "composer/installers": "~1.0"
            },
            "type": "wordpress-plugin",
            "homepage": "https://wordpress.org/plugins/keyring/"
        },
        {
            "name": "wpackagist-plugin/keyring-social-importers",
            "version": "2.0",
            "source": {
                "type": "svn",
                "url": "https://plugins.svn.wordpress.org/keyring-social-importers/",
                "reference": "tags/2.0"
            },
            "dist": {
                "type": "zip",
                "url": "https://downloads.wordpress.org/plugin/keyring-social-importers.2.0.zip"
            },
            "require": {
                "composer/installers": "~1.0"
            },
            "type": "wordpress-plugin",
            "homepage": "https://wordpress.org/plugins/keyring-social-importers/"
        },
        {
            "name": "wpackagist-plugin/micropub",
            "version": "2.0.11",
            "source": {
                "type": "svn",
                "url": "https://plugins.svn.wordpress.org/micropub/",
                "reference": "tags/2.0.11"
            },
            "dist": {
                "type": "zip",
                "url": "https://downloads.wordpress.org/plugin/micropub.2.0.11.zip"
            },
            "require": {
                "composer/installers": "~1.0"
            },
            "type": "wordpress-plugin",
            "homepage": "https://wordpress.org/plugins/micropub/"
        },
        {
            "name": "wpackagist-plugin/query-monitor",
            "version": "3.3.7",
            "source": {
                "type": "svn",
                "url": "https://plugins.svn.wordpress.org/query-monitor/",
                "reference": "tags/3.3.7"
            },
            "dist": {
                "type": "zip",
                "url": "https://downloads.wordpress.org/plugin/query-monitor.3.3.7.zip"
            },
            "require": {
                "composer/installers": "~1.0"
            },
            "type": "wordpress-plugin",
            "homepage": "https://wordpress.org/plugins/query-monitor/"
        },
        {
            "name": "wpackagist-plugin/semantic-linkbacks",
            "version": "3.9.3",
            "source": {
                "type": "svn",
                "url": "https://plugins.svn.wordpress.org/semantic-linkbacks/",
                "reference": "tags/3.9.3"
            },
            "dist": {
                "type": "zip",
                "url": "https://downloads.wordpress.org/plugin/semantic-linkbacks.3.9.3.zip"
            },
            "require": {
                "composer/installers": "~1.0"
            },
            "type": "wordpress-plugin",
            "homepage": "https://wordpress.org/plugins/semantic-linkbacks/"
        },
        {
            "name": "wpackagist-plugin/syndication-links",
            "version": "4.1.3",
            "source": {
                "type": "svn",
                "url": "https://plugins.svn.wordpress.org/syndication-links/",
                "reference": "tags/4.1.3"
            },
            "dist": {
                "type": "zip",
                "url": "https://downloads.wordpress.org/plugin/syndication-links.4.1.3.zip"
            },
            "require": {
                "composer/installers": "~1.0"
            },
            "type": "wordpress-plugin",
            "homepage": "https://wordpress.org/plugins/syndication-links/"
        },
        {
            "name": "wpackagist-plugin/untappd-checkins-widget",
            "version": "1.3.2",
            "source": {
                "type": "svn",
                "url": "https://plugins.svn.wordpress.org/untappd-checkins-widget/",
                "reference": "tags/1.3.2"
            },
            "dist": {
                "type": "zip",
                "url": "https://downloads.wordpress.org/plugin/untappd-checkins-widget.1.3.2.zip"
            },
            "require": {
                "composer/installers": "~1.0"
            },
            "type": "wordpress-plugin",
            "homepage": "https://wordpress.org/plugins/untappd-checkins-widget/"
        },
        {
            "name": "wpackagist-plugin/webmention",
            "version": "3.8.11",
            "source": {
                "type": "svn",
                "url": "https://plugins.svn.wordpress.org/webmention/",
                "reference": "tags/3.8.11"
            },
            "dist": {
                "type": "zip",
                "url": "https://downloads.wordpress.org/plugin/webmention.3.8.11.zip"
            },
            "require": {
                "composer/installers": "~1.0"
            },
            "type": "wordpress-plugin",
            "homepage": "https://wordpress.org/plugins/webmention/"
        },
        {
            "name": "wpackagist-plugin/wordpress-seo",
            "version": "11.9",
            "source": {
                "type": "svn",
                "url": "https://plugins.svn.wordpress.org/wordpress-seo/",
                "reference": "tags/11.9"
            },
            "dist": {
                "type": "zip",
                "url": "https://downloads.wordpress.org/plugin/wordpress-seo.11.9.zip"
            },
            "require": {
                "composer/installers": "~1.0"
            },
            "type": "wordpress-plugin",
            "homepage": "https://wordpress.org/plugins/wordpress-seo/"
        },
        {
            "name": "wpackagist-plugin/wp-piwik",
            "version": "1.0.22",
            "source": {
                "type": "svn",
                "url": "https://plugins.svn.wordpress.org/wp-piwik/",
                "reference": "tags/1.0.22"
            },
            "dist": {
                "type": "zip",
                "url": "https://downloads.wordpress.org/plugin/wp-piwik.1.0.22.zip"
            },
            "require": {
                "composer/installers": "~1.0"
            },
            "type": "wordpress-plugin",
            "homepage": "https://wordpress.org/plugins/wp-piwik/"
        },
        {
            "name": "wpackagist-plugin/wp-search-with-algolia",
            "version": "1.0.0",
            "source": {
                "type": "svn",
                "url": "https://plugins.svn.wordpress.org/wp-search-with-algolia/",
                "reference": "tags/1.0.0"
            },
            "dist": {
                "type": "zip",
                "url": "https://downloads.wordpress.org/plugin/wp-search-with-algolia.1.0.0.zip"
            },
            "require": {
                "composer/installers": "~1.0"
            },
            "type": "wordpress-plugin",
            "homepage": "https://wordpress.org/plugins/wp-search-with-algolia/"
        },
        {
            "name": "wpackagist-plugin/wp-to-twitter",
            "version": "3.4.1",
            "source": {
                "type": "svn",
                "url": "https://plugins.svn.wordpress.org/wp-to-twitter/",
                "reference": "tags/3.4.1"
            },
            "dist": {
                "type": "zip",
                "url": "https://downloads.wordpress.org/plugin/wp-to-twitter.3.4.1.zip"
            },
            "require": {
                "composer/installers": "~1.0"
            },
            "type": "wordpress-plugin",
            "homepage": "https://wordpress.org/plugins/wp-to-twitter/"
        },
        {
            "name": "wpackagist-plugin/wp-uf2",
            "version": "1.1.0",
            "source": {
                "type": "svn",
                "url": "https://plugins.svn.wordpress.org/wp-uf2/",
                "reference": "tags/1.1.0"
            },
            "dist": {
                "type": "zip",
                "url": "https://downloads.wordpress.org/plugin/wp-uf2.1.1.0.zip"
            },
            "require": {
                "composer/installers": "~1.0"
            },
            "type": "wordpress-plugin",
            "homepage": "https://wordpress.org/plugins/wp-uf2/"
        },
        {
            "name": "wpackagist-plugin/zero-spam",
            "version": "3.1.1",
            "source": {
                "type": "svn",
                "url": "https://plugins.svn.wordpress.org/zero-spam/",
                "reference": "tags/3.1.1"
            },
            "dist": {
                "type": "zip",
                "url": "https://downloads.wordpress.org/plugin/zero-spam.3.1.1.zip"
            },
            "require": {
                "composer/installers": "~1.0"
            },
            "type": "wordpress-plugin",
            "homepage": "https://wordpress.org/plugins/zero-spam/"
        },
        {
            "name": "wpackagist-theme/sempress",
            "version": "1.5.12",
            "source": {
                "type": "svn",
                "url": "https://themes.svn.wordpress.org/sempress/",
                "reference": "1.5.12"
            },
            "dist": {
                "type": "zip",
                "url": "https://downloads.wordpress.org/theme/sempress.1.5.12.zip"
            },
            "require": {
                "composer/installers": "~1.0"
            },
            "type": "wordpress-theme",
            "homepage": "https://wordpress.org/themes/sempress/"
        }
    ],
    "packages-dev": [],
    "aliases": [],
    "minimum-stability": "stable",
    "stability-flags": [],
    "prefer-stable": false,
    "prefer-lowest": false,
    "platform": [],
    "platform-dev": []
}
